// !$*UTF8*$!
{
	archiveVersion = 1;
	classes = {
	};
	objectVersion = 46;
	objects = {

/* Begin PBXBuildFile section */
		CB12BFB9191CC422000A588A /* ViewEventsViewController.m in Sources */ = {isa = PBXBuildFile; fileRef = CB12BFB8191CC422000A588A /* ViewEventsViewController.m */; };
		CB12BFBC191CC718000A588A /* EventsTableViewCell.m in Sources */ = {isa = PBXBuildFile; fileRef = CB12BFBB191CC718000A588A /* EventsTableViewCell.m */; };
		CB1754C9191B542300BA4433 /* MyEventsTableViewCell.m in Sources */ = {isa = PBXBuildFile; fileRef = CB1754C8191B542300BA4433 /* MyEventsTableViewCell.m */; };
		CB8BC5CC191B3C4B00EA2BED /* TheUsualsCustomCell.m in Sources */ = {isa = PBXBuildFile; fileRef = CB8BC5CB191B3C4B00EA2BED /* TheUsualsCustomCell.m */; };
		CBCFB5DB191B69E800F26960 /* Event.m in Sources */ = {isa = PBXBuildFile; fileRef = CBCFB5DA191B69E800F26960 /* Event.m */; };
		CBCFB5DE191B939800F26960 /* EditMyEventViewController.m in Sources */ = {isa = PBXBuildFile; fileRef = CBCFB5DD191B939800F26960 /* EditMyEventViewController.m */; };
		CBF41DD1191C978C0080EAE7 /* MyEventsViewController.m in Sources */ = {isa = PBXBuildFile; fileRef = D35CEDDF18F7D41900A03E4C /* MyEventsViewController.m */; };
		D30D01551900BB4C00BE8035 /* david.jpg in Resources */ = {isa = PBXBuildFile; fileRef = D30D01541900BB4C00BE8035 /* david.jpg */; };
		D30D01571900C00600BE8035 /* zack.jpg in Resources */ = {isa = PBXBuildFile; fileRef = D30D01561900C00600BE8035 /* zack.jpg */; };
		D30D01591900C00C00BE8035 /* vince.jpg in Resources */ = {isa = PBXBuildFile; fileRef = D30D01581900C00C00BE8035 /* vince.jpg */; };
		D30D015B1900C01000BE8035 /* ethan.jpg in Resources */ = {isa = PBXBuildFile; fileRef = D30D015A1900C01000BE8035 /* ethan.jpg */; };
		D341EDFD191A54F900192626 /* AudioToolbox.framework in Frameworks */ = {isa = PBXBuildFile; fileRef = D341EDFC191A54F900192626 /* AudioToolbox.framework */; };
		D341EDFF191A550500192626 /* CFNetwork.framework in Frameworks */ = {isa = PBXBuildFile; fileRef = D341EDFE191A550500192626 /* CFNetwork.framework */; };
		D341EE01191A551800192626 /* CoreLocation.framework in Frameworks */ = {isa = PBXBuildFile; fileRef = D341EE00191A551800192626 /* CoreLocation.framework */; };
		D341EE03191A552500192626 /* libz.dylib in Frameworks */ = {isa = PBXBuildFile; fileRef = D341EE02191A552500192626 /* libz.dylib */; };
		D341EE05191A552E00192626 /* MobileCoreServices.framework in Frameworks */ = {isa = PBXBuildFile; fileRef = D341EE04191A552E00192626 /* MobileCoreServices.framework */; };
		D341EE07191A553600192626 /* QuartzCore.framework in Frameworks */ = {isa = PBXBuildFile; fileRef = D341EE06191A553600192626 /* QuartzCore.framework */; };
		D341EE09191A553E00192626 /* Security.framework in Frameworks */ = {isa = PBXBuildFile; fileRef = D341EE08191A553E00192626 /* Security.framework */; };
		D341EE0B191A554700192626 /* StoreKit.framework in Frameworks */ = {isa = PBXBuildFile; fileRef = D341EE0A191A554700192626 /* StoreKit.framework */; };
		D341EE0D191A555600192626 /* SystemConfiguration.framework in Frameworks */ = {isa = PBXBuildFile; fileRef = D341EE0C191A555600192626 /* SystemConfiguration.framework */; };
		D341EE0F191A55DF00192626 /* Parse.framework in Frameworks */ = {isa = PBXBuildFile; fileRef = D341EE0E191A55DF00192626 /* Parse.framework */; };
		D35CED9618F7D26F00A03E4C /* Foundation.framework in Frameworks */ = {isa = PBXBuildFile; fileRef = D35CED9518F7D26F00A03E4C /* Foundation.framework */; };
		D35CED9818F7D26F00A03E4C /* CoreGraphics.framework in Frameworks */ = {isa = PBXBuildFile; fileRef = D35CED9718F7D26F00A03E4C /* CoreGraphics.framework */; };
		D35CED9A18F7D26F00A03E4C /* UIKit.framework in Frameworks */ = {isa = PBXBuildFile; fileRef = D35CED9918F7D26F00A03E4C /* UIKit.framework */; };
		D35CEDA018F7D26F00A03E4C /* InfoPlist.strings in Resources */ = {isa = PBXBuildFile; fileRef = D35CED9E18F7D26F00A03E4C /* InfoPlist.strings */; };
		D35CEDA218F7D26F00A03E4C /* main.m in Sources */ = {isa = PBXBuildFile; fileRef = D35CEDA118F7D26F00A03E4C /* main.m */; };
		D35CEDA618F7D26F00A03E4C /* HoopNetAppDelegate.m in Sources */ = {isa = PBXBuildFile; fileRef = D35CEDA518F7D26F00A03E4C /* HoopNetAppDelegate.m */; };
		D35CEDA818F7D26F00A03E4C /* Images.xcassets in Resources */ = {isa = PBXBuildFile; fileRef = D35CEDA718F7D26F00A03E4C /* Images.xcassets */; };
		D35CEDAF18F7D26F00A03E4C /* XCTest.framework in Frameworks */ = {isa = PBXBuildFile; fileRef = D35CEDAE18F7D26F00A03E4C /* XCTest.framework */; };
		D35CEDB018F7D26F00A03E4C /* Foundation.framework in Frameworks */ = {isa = PBXBuildFile; fileRef = D35CED9518F7D26F00A03E4C /* Foundation.framework */; };
		D35CEDB118F7D26F00A03E4C /* UIKit.framework in Frameworks */ = {isa = PBXBuildFile; fileRef = D35CED9918F7D26F00A03E4C /* UIKit.framework */; };
		D35CEDB918F7D26F00A03E4C /* InfoPlist.strings in Resources */ = {isa = PBXBuildFile; fileRef = D35CEDB718F7D26F00A03E4C /* InfoPlist.strings */; };
		D35CEDBB18F7D26F00A03E4C /* HoopNetTests.m in Sources */ = {isa = PBXBuildFile; fileRef = D35CEDBA18F7D26F00A03E4C /* HoopNetTests.m */; };
		D35CEDC918F7D2B300A03E4C /* HoopNetStoryboard.storyboard in Resources */ = {isa = PBXBuildFile; fileRef = D35CEDC818F7D2B300A03E4C /* HoopNetStoryboard.storyboard */; };
		D35CEDCC18F7D2E000A03E4C /* HoopNetViewController.m in Sources */ = {isa = PBXBuildFile; fileRef = D35CEDCB18F7D2E000A03E4C /* HoopNetViewController.m */; };
		D35CEDCE18F7D3B100A03E4C /* CreateEventsStoryboard.storyboard in Resources */ = {isa = PBXBuildFile; fileRef = D35CEDCD18F7D3B100A03E4C /* CreateEventsStoryboard.storyboard */; };
		D35CEDD018F7D3C400A03E4C /* SearchEventsStoryboard.storyboard in Resources */ = {isa = PBXBuildFile; fileRef = D35CEDCF18F7D3C400A03E4C /* SearchEventsStoryboard.storyboard */; };
		D35CEDD218F7D3D200A03E4C /* TheUsualsStoryboard.storyboard in Resources */ = {isa = PBXBuildFile; fileRef = D35CEDD118F7D3D200A03E4C /* TheUsualsStoryboard.storyboard */; };
		D35CEDD418F7D3DD00A03E4C /* MyEventsStoryboard.storyboard in Resources */ = {isa = PBXBuildFile; fileRef = D35CEDD318F7D3DD00A03E4C /* MyEventsStoryboard.storyboard */; };
		D35CEDD718F7D3F100A03E4C /* CreateEventsViewController.m in Sources */ = {isa = PBXBuildFile; fileRef = D35CEDD618F7D3F100A03E4C /* CreateEventsViewController.m */; };
		D35CEDDA18F7D3FE00A03E4C /* SearchEventsViewController.m in Sources */ = {isa = PBXBuildFile; fileRef = D35CEDD918F7D3FE00A03E4C /* SearchEventsViewController.m */; };
		D35CEDDD18F7D40B00A03E4C /* TheUsualsViewController.m in Sources */ = {isa = PBXBuildFile; fileRef = D35CEDDC18F7D40B00A03E4C /* TheUsualsViewController.m */; };
		D399048F191A4DFA00FC3FD2 /* LoginSignupViewController.m in Sources */ = {isa = PBXBuildFile; fileRef = D399048E191A4DFA00FC3FD2 /* LoginSignupViewController.m */; };
		D3990492191A4FC600FC3FD2 /* SignupViewController.m in Sources */ = {isa = PBXBuildFile; fileRef = D3990491191A4FC600FC3FD2 /* SignupViewController.m */; };
		D3ACEC421904D9DE00C8CFEA /* AddContactViewController.m in Sources */ = {isa = PBXBuildFile; fileRef = D3ACEC411904D9DE00C8CFEA /* AddContactViewController.m */; };
		D3E8679A18FA988F00B6F843 /* EditTheUsualsViewController.m in Sources */ = {isa = PBXBuildFile; fileRef = D3E8679918FA988F00B6F843 /* EditTheUsualsViewController.m */; };
/* End PBXBuildFile section */

/* Begin PBXContainerItemProxy section */
		D35CEDB218F7D26F00A03E4C /* PBXContainerItemProxy */ = {
			isa = PBXContainerItemProxy;
			containerPortal = D35CED8A18F7D26F00A03E4C /* Project object */;
			proxyType = 1;
			remoteGlobalIDString = D35CED9118F7D26F00A03E4C;
			remoteInfo = HoopNet;
		};
/* End PBXContainerItemProxy section */

/* Begin PBXFileReference section */
		CB12BFB7191CC422000A588A /* ViewEventsViewController.h */ = {isa = PBXFileReference; fileEncoding = 4; lastKnownFileType = sourcecode.c.h; path = ViewEventsViewController.h; sourceTree = "<group>"; };
		CB12BFB8191CC422000A588A /* ViewEventsViewController.m */ = {isa = PBXFileReference; fileEncoding = 4; lastKnownFileType = sourcecode.c.objc; path = ViewEventsViewController.m; sourceTree = "<group>"; };
		CB12BFBA191CC718000A588A /* EventsTableViewCell.h */ = {isa = PBXFileReference; fileEncoding = 4; lastKnownFileType = sourcecode.c.h; path = EventsTableViewCell.h; sourceTree = "<group>"; };
		CB12BFBB191CC718000A588A /* EventsTableViewCell.m */ = {isa = PBXFileReference; fileEncoding = 4; lastKnownFileType = sourcecode.c.objc; path = EventsTableViewCell.m; sourceTree = "<group>"; };
		CB1754C7191B542300BA4433 /* MyEventsTableViewCell.h */ = {isa = PBXFileReference; fileEncoding = 4; lastKnownFileType = sourcecode.c.h; path = MyEventsTableViewCell.h; sourceTree = "<group>"; };
		CB1754C8191B542300BA4433 /* MyEventsTableViewCell.m */ = {isa = PBXFileReference; fileEncoding = 4; lastKnownFileType = sourcecode.c.objc; path = MyEventsTableViewCell.m; sourceTree = "<group>"; };
		CB8BC5CA191B3C4B00EA2BED /* TheUsualsCustomCell.h */ = {isa = PBXFileReference; fileEncoding = 4; lastKnownFileType = sourcecode.c.h; path = TheUsualsCustomCell.h; sourceTree = SOURCE_ROOT; };
		CB8BC5CB191B3C4B00EA2BED /* TheUsualsCustomCell.m */ = {isa = PBXFileReference; fileEncoding = 4; lastKnownFileType = sourcecode.c.objc; path = TheUsualsCustomCell.m; sourceTree = SOURCE_ROOT; };
		CBCFB5D9191B69E800F26960 /* Event.h */ = {isa = PBXFileReference; fileEncoding = 4; lastKnownFileType = sourcecode.c.h; path = Event.h; sourceTree = "<group>"; };
		CBCFB5DA191B69E800F26960 /* Event.m */ = {isa = PBXFileReference; fileEncoding = 4; lastKnownFileType = sourcecode.c.objc; path = Event.m; sourceTree = "<group>"; };
		CBCFB5DC191B939800F26960 /* EditMyEventViewController.h */ = {isa = PBXFileReference; fileEncoding = 4; lastKnownFileType = sourcecode.c.h; path = EditMyEventViewController.h; sourceTree = "<group>"; };
		CBCFB5DD191B939800F26960 /* EditMyEventViewController.m */ = {isa = PBXFileReference; fileEncoding = 4; lastKnownFileType = sourcecode.c.objc; path = EditMyEventViewController.m; sourceTree = "<group>"; };
		D30D01541900BB4C00BE8035 /* david.jpg */ = {isa = PBXFileReference; lastKnownFileType = image.jpeg; path = david.jpg; sourceTree = "<group>"; };
		D30D01561900C00600BE8035 /* zack.jpg */ = {isa = PBXFileReference; lastKnownFileType = image.jpeg; path = zack.jpg; sourceTree = "<group>"; };
		D30D01581900C00C00BE8035 /* vince.jpg */ = {isa = PBXFileReference; lastKnownFileType = image.jpeg; path = vince.jpg; sourceTree = "<group>"; };
		D30D015A1900C01000BE8035 /* ethan.jpg */ = {isa = PBXFileReference; lastKnownFileType = image.jpeg; path = ethan.jpg; sourceTree = "<group>"; };
		D341EDFC191A54F900192626 /* AudioToolbox.framework */ = {isa = PBXFileReference; lastKnownFileType = wrapper.framework; name = AudioToolbox.framework; path = System/Library/Frameworks/AudioToolbox.framework; sourceTree = SDKROOT; };
		D341EDFE191A550500192626 /* CFNetwork.framework */ = {isa = PBXFileReference; lastKnownFileType = wrapper.framework; name = CFNetwork.framework; path = System/Library/Frameworks/CFNetwork.framework; sourceTree = SDKROOT; };
		D341EE00191A551800192626 /* CoreLocation.framework */ = {isa = PBXFileReference; lastKnownFileType = wrapper.framework; name = CoreLocation.framework; path = System/Library/Frameworks/CoreLocation.framework; sourceTree = SDKROOT; };
		D341EE02191A552500192626 /* libz.dylib */ = {isa = PBXFileReference; lastKnownFileType = "compiled.mach-o.dylib"; name = libz.dylib; path = usr/lib/libz.dylib; sourceTree = SDKROOT; };
		D341EE04191A552E00192626 /* MobileCoreServices.framework */ = {isa = PBXFileReference; lastKnownFileType = wrapper.framework; name = MobileCoreServices.framework; path = System/Library/Frameworks/MobileCoreServices.framework; sourceTree = SDKROOT; };
		D341EE06191A553600192626 /* QuartzCore.framework */ = {isa = PBXFileReference; lastKnownFileType = wrapper.framework; name = QuartzCore.framework; path = System/Library/Frameworks/QuartzCore.framework; sourceTree = SDKROOT; };
		D341EE08191A553E00192626 /* Security.framework */ = {isa = PBXFileReference; lastKnownFileType = wrapper.framework; name = Security.framework; path = System/Library/Frameworks/Security.framework; sourceTree = SDKROOT; };
		D341EE0A191A554700192626 /* StoreKit.framework */ = {isa = PBXFileReference; lastKnownFileType = wrapper.framework; name = StoreKit.framework; path = System/Library/Frameworks/StoreKit.framework; sourceTree = SDKROOT; };
		D341EE0C191A555600192626 /* SystemConfiguration.framework */ = {isa = PBXFileReference; lastKnownFileType = wrapper.framework; name = SystemConfiguration.framework; path = System/Library/Frameworks/SystemConfiguration.framework; sourceTree = SDKROOT; };
		D341EE0E191A55DF00192626 /* Parse.framework */ = {isa = PBXFileReference; lastKnownFileType = wrapper.framework; path = Parse.framework; sourceTree = "<group>"; };
		D35CED9218F7D26F00A03E4C /* HoopNet.app */ = {isa = PBXFileReference; explicitFileType = wrapper.application; includeInIndex = 0; path = HoopNet.app; sourceTree = BUILT_PRODUCTS_DIR; };
		D35CED9518F7D26F00A03E4C /* Foundation.framework */ = {isa = PBXFileReference; lastKnownFileType = wrapper.framework; name = Foundation.framework; path = System/Library/Frameworks/Foundation.framework; sourceTree = SDKROOT; };
		D35CED9718F7D26F00A03E4C /* CoreGraphics.framework */ = {isa = PBXFileReference; lastKnownFileType = wrapper.framework; name = CoreGraphics.framework; path = System/Library/Frameworks/CoreGraphics.framework; sourceTree = SDKROOT; };
		D35CED9918F7D26F00A03E4C /* UIKit.framework */ = {isa = PBXFileReference; lastKnownFileType = wrapper.framework; name = UIKit.framework; path = System/Library/Frameworks/UIKit.framework; sourceTree = SDKROOT; };
		D35CED9D18F7D26F00A03E4C /* HoopNet-Info.plist */ = {isa = PBXFileReference; lastKnownFileType = text.plist.xml; path = "HoopNet-Info.plist"; sourceTree = "<group>"; };
		D35CED9F18F7D26F00A03E4C /* en */ = {isa = PBXFileReference; lastKnownFileType = text.plist.strings; name = en; path = en.lproj/InfoPlist.strings; sourceTree = "<group>"; };
		D35CEDA118F7D26F00A03E4C /* main.m */ = {isa = PBXFileReference; lastKnownFileType = sourcecode.c.objc; path = main.m; sourceTree = "<group>"; };
		D35CEDA318F7D26F00A03E4C /* HoopNet-Prefix.pch */ = {isa = PBXFileReference; lastKnownFileType = sourcecode.c.h; path = "HoopNet-Prefix.pch"; sourceTree = "<group>"; };
		D35CEDA418F7D26F00A03E4C /* HoopNetAppDelegate.h */ = {isa = PBXFileReference; lastKnownFileType = sourcecode.c.h; path = HoopNetAppDelegate.h; sourceTree = "<group>"; };
		D35CEDA518F7D26F00A03E4C /* HoopNetAppDelegate.m */ = {isa = PBXFileReference; lastKnownFileType = sourcecode.c.objc; path = HoopNetAppDelegate.m; sourceTree = "<group>"; };
		D35CEDA718F7D26F00A03E4C /* Images.xcassets */ = {isa = PBXFileReference; lastKnownFileType = folder.assetcatalog; path = Images.xcassets; sourceTree = "<group>"; };
		D35CEDAD18F7D26F00A03E4C /* HoopNetTests.xctest */ = {isa = PBXFileReference; explicitFileType = wrapper.cfbundle; includeInIndex = 0; path = HoopNetTests.xctest; sourceTree = BUILT_PRODUCTS_DIR; };
		D35CEDAE18F7D26F00A03E4C /* XCTest.framework */ = {isa = PBXFileReference; lastKnownFileType = wrapper.framework; name = XCTest.framework; path = Library/Frameworks/XCTest.framework; sourceTree = DEVELOPER_DIR; };
		D35CEDB618F7D26F00A03E4C /* HoopNetTests-Info.plist */ = {isa = PBXFileReference; lastKnownFileType = text.plist.xml; path = "HoopNetTests-Info.plist"; sourceTree = "<group>"; };
		D35CEDB818F7D26F00A03E4C /* en */ = {isa = PBXFileReference; lastKnownFileType = text.plist.strings; name = en; path = en.lproj/InfoPlist.strings; sourceTree = "<group>"; };
		D35CEDBA18F7D26F00A03E4C /* HoopNetTests.m */ = {isa = PBXFileReference; lastKnownFileType = sourcecode.c.objc; path = HoopNetTests.m; sourceTree = "<group>"; };
		D35CEDC818F7D2B300A03E4C /* HoopNetStoryboard.storyboard */ = {isa = PBXFileReference; fileEncoding = 4; lastKnownFileType = file.storyboard; path = HoopNetStoryboard.storyboard; sourceTree = "<group>"; };
		D35CEDCA18F7D2E000A03E4C /* HoopNetViewController.h */ = {isa = PBXFileReference; fileEncoding = 4; lastKnownFileType = sourcecode.c.h; path = HoopNetViewController.h; sourceTree = "<group>"; };
		D35CEDCB18F7D2E000A03E4C /* HoopNetViewController.m */ = {isa = PBXFileReference; fileEncoding = 4; lastKnownFileType = sourcecode.c.objc; path = HoopNetViewController.m; sourceTree = "<group>"; };
		D35CEDCD18F7D3B100A03E4C /* CreateEventsStoryboard.storyboard */ = {isa = PBXFileReference; fileEncoding = 4; lastKnownFileType = file.storyboard; path = CreateEventsStoryboard.storyboard; sourceTree = "<group>"; };
		D35CEDCF18F7D3C400A03E4C /* SearchEventsStoryboard.storyboard */ = {isa = PBXFileReference; fileEncoding = 4; lastKnownFileType = file.storyboard; path = SearchEventsStoryboard.storyboard; sourceTree = "<group>"; };
		D35CEDD118F7D3D200A03E4C /* TheUsualsStoryboard.storyboard */ = {isa = PBXFileReference; fileEncoding = 4; lastKnownFileType = file.storyboard; path = TheUsualsStoryboard.storyboard; sourceTree = "<group>"; };
		D35CEDD318F7D3DD00A03E4C /* MyEventsStoryboard.storyboard */ = {isa = PBXFileReference; fileEncoding = 4; lastKnownFileType = file.storyboard; path = MyEventsStoryboard.storyboard; sourceTree = "<group>"; };
		D35CEDD518F7D3F100A03E4C /* CreateEventsViewController.h */ = {isa = PBXFileReference; fileEncoding = 4; lastKnownFileType = sourcecode.c.h; path = CreateEventsViewController.h; sourceTree = "<group>"; };
		D35CEDD618F7D3F100A03E4C /* CreateEventsViewController.m */ = {isa = PBXFileReference; fileEncoding = 4; lastKnownFileType = sourcecode.c.objc; path = CreateEventsViewController.m; sourceTree = "<group>"; };
		D35CEDD818F7D3FE00A03E4C /* SearchEventsViewController.h */ = {isa = PBXFileReference; fileEncoding = 4; lastKnownFileType = sourcecode.c.h; path = SearchEventsViewController.h; sourceTree = "<group>"; };
		D35CEDD918F7D3FE00A03E4C /* SearchEventsViewController.m */ = {isa = PBXFileReference; fileEncoding = 4; lastKnownFileType = sourcecode.c.objc; path = SearchEventsViewController.m; sourceTree = "<group>"; };
		D35CEDDB18F7D40B00A03E4C /* TheUsualsViewController.h */ = {isa = PBXFileReference; fileEncoding = 4; lastKnownFileType = sourcecode.c.h; path = TheUsualsViewController.h; sourceTree = "<group>"; };
		D35CEDDC18F7D40B00A03E4C /* TheUsualsViewController.m */ = {isa = PBXFileReference; fileEncoding = 4; lastKnownFileType = sourcecode.c.objc; path = TheUsualsViewController.m; sourceTree = "<group>"; };
		D35CEDDE18F7D41900A03E4C /* MyEventsViewController.h */ = {isa = PBXFileReference; fileEncoding = 4; lastKnownFileType = sourcecode.c.h; path = MyEventsViewController.h; sourceTree = "<group>"; };
		D35CEDDF18F7D41900A03E4C /* MyEventsViewController.m */ = {isa = PBXFileReference; fileEncoding = 4; lastKnownFileType = sourcecode.c.objc; path = MyEventsViewController.m; sourceTree = "<group>"; };
		D399048D191A4DFA00FC3FD2 /* LoginSignupViewController.h */ = {isa = PBXFileReference; fileEncoding = 4; lastKnownFileType = sourcecode.c.h; path = LoginSignupViewController.h; sourceTree = "<group>"; };
		D399048E191A4DFA00FC3FD2 /* LoginSignupViewController.m */ = {isa = PBXFileReference; fileEncoding = 4; lastKnownFileType = sourcecode.c.objc; path = LoginSignupViewController.m; sourceTree = "<group>"; };
		D3990490191A4FC600FC3FD2 /* SignupViewController.h */ = {isa = PBXFileReference; fileEncoding = 4; lastKnownFileType = sourcecode.c.h; path = SignupViewController.h; sourceTree = "<group>"; };
		D3990491191A4FC600FC3FD2 /* SignupViewController.m */ = {isa = PBXFileReference; fileEncoding = 4; lastKnownFileType = sourcecode.c.objc; path = SignupViewController.m; sourceTree = "<group>"; };
		D3ACEC401904D9DE00C8CFEA /* AddContactViewController.h */ = {isa = PBXFileReference; fileEncoding = 4; lastKnownFileType = sourcecode.c.h; path = AddContactViewController.h; sourceTree = "<group>"; };
		D3ACEC411904D9DE00C8CFEA /* AddContactViewController.m */ = {isa = PBXFileReference; fileEncoding = 4; lastKnownFileType = sourcecode.c.objc; path = AddContactViewController.m; sourceTree = "<group>"; };
		D3E8679818FA988F00B6F843 /* EditTheUsualsViewController.h */ = {isa = PBXFileReference; fileEncoding = 4; lastKnownFileType = sourcecode.c.h; path = EditTheUsualsViewController.h; sourceTree = "<group>"; };
		D3E8679918FA988F00B6F843 /* EditTheUsualsViewController.m */ = {isa = PBXFileReference; fileEncoding = 4; lastKnownFileType = sourcecode.c.objc; path = EditTheUsualsViewController.m; sourceTree = "<group>"; };
/* End PBXFileReference section */

/* Begin PBXFrameworksBuildPhase section */
		D35CED8F18F7D26F00A03E4C /* Frameworks */ = {
			isa = PBXFrameworksBuildPhase;
			buildActionMask = 2147483647;
			files = (
				D341EE0D191A555600192626 /* SystemConfiguration.framework in Frameworks */,
				D341EE0B191A554700192626 /* StoreKit.framework in Frameworks */,
				D341EE09191A553E00192626 /* Security.framework in Frameworks */,
				D341EE07191A553600192626 /* QuartzCore.framework in Frameworks */,
				D341EE05191A552E00192626 /* MobileCoreServices.framework in Frameworks */,
				D341EE03191A552500192626 /* libz.dylib in Frameworks */,
				D341EE0F191A55DF00192626 /* Parse.framework in Frameworks */,
				D341EE01191A551800192626 /* CoreLocation.framework in Frameworks */,
				D35CED9818F7D26F00A03E4C /* CoreGraphics.framework in Frameworks */,
				D341EDFF191A550500192626 /* CFNetwork.framework in Frameworks */,
				D341EDFD191A54F900192626 /* AudioToolbox.framework in Frameworks */,
				D35CED9A18F7D26F00A03E4C /* UIKit.framework in Frameworks */,
				D35CED9618F7D26F00A03E4C /* Foundation.framework in Frameworks */,
			);
			runOnlyForDeploymentPostprocessing = 0;
		};
		D35CEDAA18F7D26F00A03E4C /* Frameworks */ = {
			isa = PBXFrameworksBuildPhase;
			buildActionMask = 2147483647;
			files = (
				D35CEDAF18F7D26F00A03E4C /* XCTest.framework in Frameworks */,
				D35CEDB118F7D26F00A03E4C /* UIKit.framework in Frameworks */,
				D35CEDB018F7D26F00A03E4C /* Foundation.framework in Frameworks */,
			);
			runOnlyForDeploymentPostprocessing = 0;
		};
/* End PBXFrameworksBuildPhase section */

/* Begin PBXGroup section */
		D35CED8918F7D26F00A03E4C = {
			isa = PBXGroup;
			children = (
				D35CED9B18F7D26F00A03E4C /* HoopNet */,
				D35CEDB418F7D26F00A03E4C /* HoopNetTests */,
				D35CED9418F7D26F00A03E4C /* Frameworks */,
				D35CED9318F7D26F00A03E4C /* Products */,
			);
			sourceTree = "<group>";
		};
		D35CED9318F7D26F00A03E4C /* Products */ = {
			isa = PBXGroup;
			children = (
				D35CED9218F7D26F00A03E4C /* HoopNet.app */,
				D35CEDAD18F7D26F00A03E4C /* HoopNetTests.xctest */,
			);
			name = Products;
			sourceTree = "<group>";
		};
		D35CED9418F7D26F00A03E4C /* Frameworks */ = {
			isa = PBXGroup;
			children = (
				D341EE0E191A55DF00192626 /* Parse.framework */,
				D341EE0C191A555600192626 /* SystemConfiguration.framework */,
				D341EE0A191A554700192626 /* StoreKit.framework */,
				D341EE08191A553E00192626 /* Security.framework */,
				D341EE06191A553600192626 /* QuartzCore.framework */,
				D341EE04191A552E00192626 /* MobileCoreServices.framework */,
				D341EE02191A552500192626 /* libz.dylib */,
				D341EE00191A551800192626 /* CoreLocation.framework */,
				D341EDFE191A550500192626 /* CFNetwork.framework */,
				D341EDFC191A54F900192626 /* AudioToolbox.framework */,
				D35CED9518F7D26F00A03E4C /* Foundation.framework */,
				D35CED9718F7D26F00A03E4C /* CoreGraphics.framework */,
				D35CED9918F7D26F00A03E4C /* UIKit.framework */,
				D35CEDAE18F7D26F00A03E4C /* XCTest.framework */,
			);
			name = Frameworks;
			sourceTree = "<group>";
		};
		D35CED9B18F7D26F00A03E4C /* HoopNet */ = {
			isa = PBXGroup;
			children = (
				CBCFB5D9191B69E800F26960 /* Event.h */,
				CBCFB5DA191B69E800F26960 /* Event.m */,
				CB12BFBA191CC718000A588A /* EventsTableViewCell.h */,
				CB12BFBB191CC718000A588A /* EventsTableViewCell.m */,
				CB12BFB7191CC422000A588A /* ViewEventsViewController.h */,
				CB12BFB8191CC422000A588A /* ViewEventsViewController.m */,
				D35CEDC718F7D28F00A03E4C /* CreateEvents */,
				D35CEDC618F7D28700A03E4C /* SearchEvents */,
				D35CEDC518F7D27C00A03E4C /* TheUsuals */,
				D35CEDC418F7D27600A03E4C /* MyEvents */,
				D399048C191A4D6E00FC3FD2 /* LoginSignUp */,
				D35CEDA718F7D26F00A03E4C /* Images.xcassets */,
				D35CED9C18F7D26F00A03E4C /* Supporting Files */,
			);
			path = HoopNet;
			sourceTree = "<group>";
		};
		D35CED9C18F7D26F00A03E4C /* Supporting Files */ = {
			isa = PBXGroup;
			children = (
				D35CED9D18F7D26F00A03E4C /* HoopNet-Info.plist */,
				D35CED9E18F7D26F00A03E4C /* InfoPlist.strings */,
				D35CEDA118F7D26F00A03E4C /* main.m */,
				D35CEDA318F7D26F00A03E4C /* HoopNet-Prefix.pch */,
			);
			name = "Supporting Files";
			sourceTree = "<group>";
		};
		D35CEDB418F7D26F00A03E4C /* HoopNetTests */ = {
			isa = PBXGroup;
			children = (
				D35CEDBA18F7D26F00A03E4C /* HoopNetTests.m */,
				D35CEDB518F7D26F00A03E4C /* Supporting Files */,
			);
			path = HoopNetTests;
			sourceTree = "<group>";
		};
		D35CEDB518F7D26F00A03E4C /* Supporting Files */ = {
			isa = PBXGroup;
			children = (
				D35CEDB618F7D26F00A03E4C /* HoopNetTests-Info.plist */,
				D35CEDB718F7D26F00A03E4C /* InfoPlist.strings */,
			);
			name = "Supporting Files";
			sourceTree = "<group>";
		};
		D35CEDC418F7D27600A03E4C /* MyEvents */ = {
			isa = PBXGroup;
			children = (
				D35CEDD318F7D3DD00A03E4C /* MyEventsStoryboard.storyboard */,
				CB1754C7191B542300BA4433 /* MyEventsTableViewCell.h */,
				CB1754C8191B542300BA4433 /* MyEventsTableViewCell.m */,
				D35CEDDE18F7D41900A03E4C /* MyEventsViewController.h */,
				D35CEDDF18F7D41900A03E4C /* MyEventsViewController.m */,
				CBCFB5DC191B939800F26960 /* EditMyEventViewController.h */,
				CBCFB5DD191B939800F26960 /* EditMyEventViewController.m */,
			);
			name = MyEvents;
			sourceTree = "<group>";
		};
		D35CEDC518F7D27C00A03E4C /* TheUsuals */ = {
			isa = PBXGroup;
			children = (
				D30D015A1900C01000BE8035 /* ethan.jpg */,
				D30D01581900C00C00BE8035 /* vince.jpg */,
				D30D01561900C00600BE8035 /* zack.jpg */,
				D30D01541900BB4C00BE8035 /* david.jpg */,
				D35CEDD118F7D3D200A03E4C /* TheUsualsStoryboard.storyboard */,
				D35CEDDB18F7D40B00A03E4C /* TheUsualsViewController.h */,
				D35CEDDC18F7D40B00A03E4C /* TheUsualsViewController.m */,
				D3E8679818FA988F00B6F843 /* EditTheUsualsViewController.h */,
				D3E8679918FA988F00B6F843 /* EditTheUsualsViewController.m */,
				CB8BC5CA191B3C4B00EA2BED /* TheUsualsCustomCell.h */,
				CB8BC5CB191B3C4B00EA2BED /* TheUsualsCustomCell.m */,
				D3ACEC401904D9DE00C8CFEA /* AddContactViewController.h */,
				D3ACEC411904D9DE00C8CFEA /* AddContactViewController.m */,
			);
			name = TheUsuals;
			sourceTree = "<group>";
		};
		D35CEDC618F7D28700A03E4C /* SearchEvents */ = {
			isa = PBXGroup;
			children = (
				D35CEDCF18F7D3C400A03E4C /* SearchEventsStoryboard.storyboard */,
				D35CEDD818F7D3FE00A03E4C /* SearchEventsViewController.h */,
				D35CEDD918F7D3FE00A03E4C /* SearchEventsViewController.m */,
			);
			name = SearchEvents;
			sourceTree = "<group>";
		};
		D35CEDC718F7D28F00A03E4C /* CreateEvents */ = {
			isa = PBXGroup;
			children = (
				D35CEDCD18F7D3B100A03E4C /* CreateEventsStoryboard.storyboard */,
				D35CEDD518F7D3F100A03E4C /* CreateEventsViewController.h */,
				D35CEDD618F7D3F100A03E4C /* CreateEventsViewController.m */,
			);
			name = CreateEvents;
			sourceTree = "<group>";
		};
		D399048C191A4D6E00FC3FD2 /* LoginSignUp */ = {
			isa = PBXGroup;
			children = (
				D35CEDC818F7D2B300A03E4C /* HoopNetStoryboard.storyboard */,
				D35CEDCA18F7D2E000A03E4C /* HoopNetViewController.h */,
				D35CEDCB18F7D2E000A03E4C /* HoopNetViewController.m */,
				D35CEDA418F7D26F00A03E4C /* HoopNetAppDelegate.h */,
				D35CEDA518F7D26F00A03E4C /* HoopNetAppDelegate.m */,
				D399048D191A4DFA00FC3FD2 /* LoginSignupViewController.h */,
				D399048E191A4DFA00FC3FD2 /* LoginSignupViewController.m */,
				D3990490191A4FC600FC3FD2 /* SignupViewController.h */,
				D3990491191A4FC600FC3FD2 /* SignupViewController.m */,
			);
			name = LoginSignUp;
			sourceTree = "<group>";
		};
/* End PBXGroup section */

/* Begin PBXNativeTarget section */
		D35CED9118F7D26F00A03E4C /* HoopNet */ = {
			isa = PBXNativeTarget;
			buildConfigurationList = D35CEDBE18F7D26F00A03E4C /* Build configuration list for PBXNativeTarget "HoopNet" */;
			buildPhases = (
				D35CED8E18F7D26F00A03E4C /* Sources */,
				D35CED8F18F7D26F00A03E4C /* Frameworks */,
				D35CED9018F7D26F00A03E4C /* Resources */,
			);
			buildRules = (
			);
			dependencies = (
			);
			name = HoopNet;
			productName = HoopNet;
			productReference = D35CED9218F7D26F00A03E4C /* HoopNet.app */;
			productType = "com.apple.product-type.application";
		};
		D35CEDAC18F7D26F00A03E4C /* HoopNetTests */ = {
			isa = PBXNativeTarget;
			buildConfigurationList = D35CEDC118F7D26F00A03E4C /* Build configuration list for PBXNativeTarget "HoopNetTests" */;
			buildPhases = (
				D35CEDA918F7D26F00A03E4C /* Sources */,
				D35CEDAA18F7D26F00A03E4C /* Frameworks */,
				D35CEDAB18F7D26F00A03E4C /* Resources */,
			);
			buildRules = (
			);
			dependencies = (
				D35CEDB318F7D26F00A03E4C /* PBXTargetDependency */,
			);
			name = HoopNetTests;
			productName = HoopNetTests;
			productReference = D35CEDAD18F7D26F00A03E4C /* HoopNetTests.xctest */;
			productType = "com.apple.product-type.bundle.unit-test";
		};
/* End PBXNativeTarget section */

/* Begin PBXProject section */
		D35CED8A18F7D26F00A03E4C /* Project object */ = {
			isa = PBXProject;
			attributes = {
				CLASSPREFIX = HoopNet;
				LastUpgradeCheck = 0510;
				ORGANIZATIONNAME = "David Laroue";
				TargetAttributes = {
					D35CEDAC18F7D26F00A03E4C = {
						TestTargetID = D35CED9118F7D26F00A03E4C;
					};
				};
			};
			buildConfigurationList = D35CED8D18F7D26F00A03E4C /* Build configuration list for PBXProject "HoopNet" */;
			compatibilityVersion = "Xcode 3.2";
			developmentRegion = English;
			hasScannedForEncodings = 0;
			knownRegions = (
				en,
			);
			mainGroup = D35CED8918F7D26F00A03E4C;
			productRefGroup = D35CED9318F7D26F00A03E4C /* Products */;
			projectDirPath = "";
			projectRoot = "";
			targets = (
				D35CED9118F7D26F00A03E4C /* HoopNet */,
				D35CEDAC18F7D26F00A03E4C /* HoopNetTests */,
			);
		};
/* End PBXProject section */

/* Begin PBXResourcesBuildPhase section */
		D35CED9018F7D26F00A03E4C /* Resources */ = {
			isa = PBXResourcesBuildPhase;
			buildActionMask = 2147483647;
			files = (
				D30D01551900BB4C00BE8035 /* david.jpg in Resources */,
				D35CEDC918F7D2B300A03E4C /* HoopNetStoryboard.storyboard in Resources */,
				D35CEDD418F7D3DD00A03E4C /* MyEventsStoryboard.storyboard in Resources */,
				D30D01591900C00C00BE8035 /* vince.jpg in Resources */,
				D35CEDA018F7D26F00A03E4C /* InfoPlist.strings in Resources */,
				D30D01571900C00600BE8035 /* zack.jpg in Resources */,
				D35CEDCE18F7D3B100A03E4C /* CreateEventsStoryboard.storyboard in Resources */,
				D35CEDA818F7D26F00A03E4C /* Images.xcassets in Resources */,
				D35CEDD218F7D3D200A03E4C /* TheUsualsStoryboard.storyboard in Resources */,
				D30D015B1900C01000BE8035 /* ethan.jpg in Resources */,
				D35CEDD018F7D3C400A03E4C /* SearchEventsStoryboard.storyboard in Resources */,
			);
			runOnlyForDeploymentPostprocessing = 0;
		};
		D35CEDAB18F7D26F00A03E4C /* Resources */ = {
			isa = PBXResourcesBuildPhase;
			buildActionMask = 2147483647;
			files = (
				D35CEDB918F7D26F00A03E4C /* InfoPlist.strings in Resources */,
			);
			runOnlyForDeploymentPostprocessing = 0;
		};
/* End PBXResourcesBuildPhase section */

/* Begin PBXSourcesBuildPhase section */
		D35CED8E18F7D26F00A03E4C /* Sources */ = {
			isa = PBXSourcesBuildPhase;
			buildActionMask = 2147483647;
			files = (
				CBF41DD1191C978C0080EAE7 /* MyEventsViewController.m in Sources */,
				D35CEDCC18F7D2E000A03E4C /* HoopNetViewController.m in Sources */,
				D35CEDA618F7D26F00A03E4C /* HoopNetAppDelegate.m in Sources */,
				CBCFB5DE191B939800F26960 /* EditMyEventViewController.m in Sources */,
				CB8BC5CC191B3C4B00EA2BED /* TheUsualsCustomCell.m in Sources */,
				CB1754C9191B542300BA4433 /* MyEventsTableViewCell.m in Sources */,
				D399048F191A4DFA00FC3FD2 /* LoginSignupViewController.m in Sources */,
				D3ACEC421904D9DE00C8CFEA /* AddContactViewController.m in Sources */,
				D3E8679A18FA988F00B6F843 /* EditTheUsualsViewController.m in Sources */,
				CB12BFB9191CC422000A588A /* ViewEventsViewController.m in Sources */,
				D3990492191A4FC600FC3FD2 /* SignupViewController.m in Sources */,
				D35CEDA218F7D26F00A03E4C /* main.m in Sources */,
				D35CEDD718F7D3F100A03E4C /* CreateEventsViewController.m in Sources */,
				CBCFB5DB191B69E800F26960 /* Event.m in Sources */,
				CB12BFBC191CC718000A588A /* EventsTableViewCell.m in Sources */,
				D35CEDDA18F7D3FE00A03E4C /* SearchEventsViewController.m in Sources */,
				D35CEDDD18F7D40B00A03E4C /* TheUsualsViewController.m in Sources */,
			);
			runOnlyForDeploymentPostprocessing = 0;
		};
		D35CEDA918F7D26F00A03E4C /* Sources */ = {
			isa = PBXSourcesBuildPhase;
			buildActionMask = 2147483647;
			files = (
				D35CEDBB18F7D26F00A03E4C /* HoopNetTests.m in Sources */,
			);
			runOnlyForDeploymentPostprocessing = 0;
		};
/* End PBXSourcesBuildPhase section */

/* Begin PBXTargetDependency section */
		D35CEDB318F7D26F00A03E4C /* PBXTargetDependency */ = {
			isa = PBXTargetDependency;
			target = D35CED9118F7D26F00A03E4C /* HoopNet */;
			targetProxy = D35CEDB218F7D26F00A03E4C /* PBXContainerItemProxy */;
		};
/* End PBXTargetDependency section */

/* Begin PBXVariantGroup section */
		D35CED9E18F7D26F00A03E4C /* InfoPlist.strings */ = {
			isa = PBXVariantGroup;
			children = (
				D35CED9F18F7D26F00A03E4C /* en */,
			);
			name = InfoPlist.strings;
			sourceTree = "<group>";
		};
		D35CEDB718F7D26F00A03E4C /* InfoPlist.strings */ = {
			isa = PBXVariantGroup;
			children = (
				D35CEDB818F7D26F00A03E4C /* en */,
			);
			name = InfoPlist.strings;
			sourceTree = "<group>";
		};
/* End PBXVariantGroup section */

/* Begin XCBuildConfiguration section */
		D35CEDBC18F7D26F00A03E4C /* Debug */ = {
			isa = XCBuildConfiguration;
			buildSettings = {
				ALWAYS_SEARCH_USER_PATHS = NO;
				CLANG_CXX_LANGUAGE_STANDARD = "gnu++0x";
				CLANG_CXX_LIBRARY = "libc++";
				CLANG_ENABLE_MODULES = YES;
				CLANG_ENABLE_OBJC_ARC = YES;
				CLANG_WARN_BOOL_CONVERSION = YES;
				CLANG_WARN_CONSTANT_CONVERSION = YES;
				CLANG_WARN_DIRECT_OBJC_ISA_USAGE = YES_ERROR;
				CLANG_WARN_EMPTY_BODY = YES;
				CLANG_WARN_ENUM_CONVERSION = YES;
				CLANG_WARN_INT_CONVERSION = YES;
				CLANG_WARN_OBJC_ROOT_CLASS = YES_ERROR;
				CLANG_WARN__DUPLICATE_METHOD_MATCH = YES;
				"CODE_SIGN_IDENTITY[sdk=iphoneos*]" = "iPhone Developer";
				COPY_PHASE_STRIP = NO;
				GCC_C_LANGUAGE_STANDARD = gnu99;
				GCC_DYNAMIC_NO_PIC = NO;
				GCC_OPTIMIZATION_LEVEL = 0;
				GCC_PREPROCESSOR_DEFINITIONS = (
					"DEBUG=1",
					"$(inherited)",
				);
				GCC_SYMBOLS_PRIVATE_EXTERN = NO;
				GCC_WARN_64_TO_32_BIT_CONVERSION = YES;
				GCC_WARN_ABOUT_RETURN_TYPE = YES_ERROR;
				GCC_WARN_UNDECLARED_SELECTOR = YES;
				GCC_WARN_UNINITIALIZED_AUTOS = YES_AGGRESSIVE;
				GCC_WARN_UNUSED_FUNCTION = YES;
				GCC_WARN_UNUSED_VARIABLE = YES;
				IPHONEOS_DEPLOYMENT_TARGET = 7.1;
				ONLY_ACTIVE_ARCH = YES;
				SDKROOT = iphoneos;
			};
			name = Debug;
		};
		D35CEDBD18F7D26F00A03E4C /* Release */ = {
			isa = XCBuildConfiguration;
			buildSettings = {
				ALWAYS_SEARCH_USER_PATHS = NO;
				CLANG_CXX_LANGUAGE_STANDARD = "gnu++0x";
				CLANG_CXX_LIBRARY = "libc++";
				CLANG_ENABLE_MODULES = YES;
				CLANG_ENABLE_OBJC_ARC = YES;
				CLANG_WARN_BOOL_CONVERSION = YES;
				CLANG_WARN_CONSTANT_CONVERSION = YES;
				CLANG_WARN_DIRECT_OBJC_ISA_USAGE = YES_ERROR;
				CLANG_WARN_EMPTY_BODY = YES;
				CLANG_WARN_ENUM_CONVERSION = YES;
				CLANG_WARN_INT_CONVERSION = YES;
				CLANG_WARN_OBJC_ROOT_CLASS = YES_ERROR;
				CLANG_WARN__DUPLICATE_METHOD_MATCH = YES;
				"CODE_SIGN_IDENTITY[sdk=iphoneos*]" = "iPhone Developer";
				COPY_PHASE_STRIP = YES;
				ENABLE_NS_ASSERTIONS = NO;
				GCC_C_LANGUAGE_STANDARD = gnu99;
				GCC_WARN_64_TO_32_BIT_CONVERSION = YES;
				GCC_WARN_ABOUT_RETURN_TYPE = YES_ERROR;
				GCC_WARN_UNDECLARED_SELECTOR = YES;
				GCC_WARN_UNINITIALIZED_AUTOS = YES_AGGRESSIVE;
				GCC_WARN_UNUSED_FUNCTION = YES;
				GCC_WARN_UNUSED_VARIABLE = YES;
				IPHONEOS_DEPLOYMENT_TARGET = 7.1;
				SDKROOT = iphoneos;
				VALIDATE_PRODUCT = YES;
			};
			name = Release;
		};
		D35CEDBF18F7D26F00A03E4C /* Debug */ = {
			isa = XCBuildConfiguration;
			buildSettings = {
				ASSETCATALOG_COMPILER_APPICON_NAME = AppIcon;
				ASSETCATALOG_COMPILER_LAUNCHIMAGE_NAME = LaunchImage;
				FRAMEWORK_SEARCH_PATHS = (
					"$(inherited)",
					"$(PROJECT_DIR)",
				);
				GCC_PRECOMPILE_PREFIX_HEADER = YES;
				GCC_PREFIX_HEADER = "HoopNet/HoopNet-Prefix.pch";
				INFOPLIST_FILE = "HoopNet/HoopNet-Info.plist";
				IPHONEOS_DEPLOYMENT_TARGET = 7.0;
				PRODUCT_NAME = "$(TARGET_NAME)";
				TARGETED_DEVICE_FAMILY = 1;
				WRAPPER_EXTENSION = app;
			};
			name = Debug;
		};
		D35CEDC018F7D26F00A03E4C /* Release */ = {
			isa = XCBuildConfiguration;
			buildSettings = {
				ASSETCATALOG_COMPILER_APPICON_NAME = AppIcon;
				ASSETCATALOG_COMPILER_LAUNCHIMAGE_NAME = LaunchImage;
				FRAMEWORK_SEARCH_PATHS = (
					"$(inherited)",
					"$(PROJECT_DIR)",
				);
				GCC_PRECOMPILE_PREFIX_HEADER = YES;
				GCC_PREFIX_HEADER = "HoopNet/HoopNet-Prefix.pch";
				INFOPLIST_FILE = "HoopNet/HoopNet-Info.plist";
				IPHONEOS_DEPLOYMENT_TARGET = 7.0;
				PRODUCT_NAME = "$(TARGET_NAME)";
				TARGETED_DEVICE_FAMILY = 1;
				WRAPPER_EXTENSION = app;
			};
			name = Release;
		};
		D35CEDC218F7D26F00A03E4C /* Debug */ = {
			isa = XCBuildConfiguration;
			buildSettings = {
				BUNDLE_LOADER = "$(BUILT_PRODUCTS_DIR)/HoopNet.app/HoopNet";
				FRAMEWORK_SEARCH_PATHS = (
					"$(SDKROOT)/Developer/Library/Frameworks",
					"$(inherited)",
					"$(DEVELOPER_FRAMEWORKS_DIR)",
				);
				GCC_PRECOMPILE_PREFIX_HEADER = YES;
				GCC_PREFIX_HEADER = "HoopNet/HoopNet-Prefix.pch";
				GCC_PREPROCESSOR_DEFINITIONS = (
					"DEBUG=1",
					"$(inherited)",
				);
				INFOPLIST_FILE = "HoopNetTests/HoopNetTests-Info.plist";
				PRODUCT_NAME = "$(TARGET_NAME)";
				TEST_HOST = "$(BUNDLE_LOADER)";
				WRAPPER_EXTENSION = xctest;
			};
			name = Debug;
		};
		D35CEDC318F7D26F00A03E4C /* Release */ = {
			isa = XCBuildConfiguration;
			buildSettings = {
				BUNDLE_LOADER = "$(BUILT_PRODUCTS_DIR)/HoopNet.app/HoopNet";
				FRAMEWORK_SEARCH_PATHS = (
					"$(SDKROOT)/Developer/Library/Frameworks",
					"$(inherited)",
					"$(DEVELOPER_FRAMEWORKS_DIR)",
				);
				GCC_PRECOMPILE_PREFIX_HEADER = YES;
				GCC_PREFIX_HEADER = "HoopNet/HoopNet-Prefix.pch";
				INFOPLIST_FILE = "HoopNetTests/HoopNetTests-Info.plist";
				PRODUCT_NAME = "$(TARGET_NAME)";
				TEST_HOST = "$(BUNDLE_LOADER)";
				WRAPPER_EXTENSION = xctest;
			};
			name = Release;
		};
/* End XCBuildConfiguration section */

/* Begin XCConfigurationList section */
		D35CED8D18F7D26F00A03E4C /* Build configuration list for PBXProject "HoopNet" */ = {
			isa = XCConfigurationList;
			buildConfigurations = (
				D35CEDBC18F7D26F00A03E4C /* Debug */,
				D35CEDBD18F7D26F00A03E4C /* Release */,
			);
			defaultConfigurationIsVisible = 0;
			defaultConfigurationName = Release;
		};
		D35CEDBE18F7D26F00A03E4C /* Build configuration list for PBXNativeTarget "HoopNet" */ = {
			isa = XCConfigurationList;
			buildConfigurations = (
				D35CEDBF18F7D26F00A03E4C /* Debug */,
				D35CEDC018F7D26F00A03E4C /* Release */,
			);
			defaultConfigurationIsVisible = 0;
			defaultConfigurationName = Release;
		};
		D35CEDC118F7D26F00A03E4C /* Build configuration list for PBXNativeTarget "HoopNetTests" */ = {
			isa = XCConfigurationList;
			buildConfigurations = (
				D35CEDC218F7D26F00A03E4C /* Debug */,
				D35CEDC318F7D26F00A03E4C /* Release */,
			);
			defaultConfigurationIsVisible = 0;
			defaultConfigurationName = Release;
		};
/* End XCConfigurationList section */
	};
	rootObject = D35CED8A18F7D26F00A03E4C /* Project object */;
}
